
Microsoft Visual Studio Solution File, Format Version 12.00
# Visual Studio Version 17
VisualStudioVersion = 17.0.32112.339
MinimumVisualStudioVersion = 10.0.40219.1
Project("{FAE04EC0-301F-11D3-BF4B-00C04F79EFBC}") = "Practise_DeleteMe", "Practise_DeleteMe\Practise_DeleteMe.csproj", "{80D628F3-7691-4FA3-8814-723BDBE8EC45}"
EndProject
Global
	GlobalSection(SolutionConfigurationPlatforms) = preSolution
		Debug|Any CPU = Debug|Any CPU
		Release|Any CPU = Release|Any CPU
	EndGlobalSection
	GlobalSection(ProjectConfigurationPlatforms) = postSolution
		{80D628F3-7691-4FA3-8814-723BDBE8EC45}.Debug|Any CPU.ActiveCfg = Debug|Any CPU
		{80D628F3-7691-4FA3-8814-723BDBE8EC45}.Debug|Any CPU.Build.0 = Debug|Any CPU
		{80D628F3-7691-4FA3-8814-723BDBE8EC45}.Release|Any CPU.ActiveCfg = Release|Any CPU
		{80D628F3-7691-4FA3-8814-723BDBE8EC45}.Release|Any CPU.Build.0 = Release|Any CPU
	EndGlobalSection
	GlobalSection(SolutionProperties) = preSolution
		HideSolutionNode = FALSE
	EndGlobalSection
	GlobalSection(ExtensibilityGlobals) = postSolution
		SolutionGuid = {2298391A-B27C-444A-932A-568E52EC333D}
	EndGlobalSection
EndGlobal
